Microsoft Visual Studio Solution File, Format Version 11.00
# Visual Studio 2008

Project("{29561BB2-25BD-8EBB-BA3E-3A935E11E02E}") = "Faux-G", "Assembly-CSharp.csproj", "{35324754-8F93-A375-1CEC-6AA54CDF7E37}"
EndProject
Project("{29561BB2-25BD-8EBB-BA3E-3A935E11E02E}") = "Faux-G", "Assembly-CSharp-Editor.csproj", "{D89319B9-A3C2-9BF8-EF17-7B59EB535C12}"
EndProject
Global
	GlobalSection(SolutionConfigurationPlatforms) = preSolution
		Debug|Any CPU = Debug|Any CPU
		Release|Any CPU = Release|Any CPU
	EndGlobalSection
	GlobalSection(ProjectConfigurationPlatforms) = postSolution
		{35324754-8F93-A375-1CEC-6AA54CDF7E37}.Debug|Any CPU.ActiveCfg = Debug|Any CPU
		{35324754-8F93-A375-1CEC-6AA54CDF7E37}.Debug|Any CPU.Build.0 = Debug|Any CPU
		{35324754-8F93-A375-1CEC-6AA54CDF7E37}.Release|Any CPU.ActiveCfg = Release|Any CPU
		{35324754-8F93-A375-1CEC-6AA54CDF7E37}.Release|Any CPU.Build.0 = Release|Any CPU
		{D89319B9-A3C2-9BF8-EF17-7B59EB535C12}.Debug|Any CPU.ActiveCfg = Debug|Any CPU
		{D89319B9-A3C2-9BF8-EF17-7B59EB535C12}.Debug|Any CPU.Build.0 = Debug|Any CPU
		{D89319B9-A3C2-9BF8-EF17-7B59EB535C12}.Release|Any CPU.ActiveCfg = Release|Any CPU
		{D89319B9-A3C2-9BF8-EF17-7B59EB535C12}.Release|Any CPU.Build.0 = Release|Any CPU
	EndGlobalSection
	GlobalSection(SolutionProperties) = preSolution
		HideSolutionNode = FALSE
	EndGlobalSection
	GlobalSection(MonoDevelopProperties) = preSolution
		StartupItem = Assembly-CSharp.csproj
	EndGlobalSection
EndGlobal
